{
  "name": "static",
  "lockfileVersion": 3,
  "requires": true,
  "packages": {
    "": {
      "dependencies": {
        "music21j": "^0.15.8"
      }
    },
    "node_modules/jsonpickle": {
      "version": "1.1.2",
      "resolved": "https://registry.npmjs.org/jsonpickle/-/jsonpickle-1.1.2.tgz",
      "integrity": "sha512-hVOxq83lHilSvx5aLqe2cKTmKYZDkqVD1XgZ6Q75HdpjTYvOF6fRBgTNxCjxXQ1NclmsxO/nsbhxTjl8gYpTgQ==",
      "dependencies": {
        "regenerator-runtime": "^0.13.3"
      }
    },
    "node_modules/midicube": {
      "version": "0.6.2",
      "resolved": "https://registry.npmjs.org/midicube/-/midicube-0.6.2.tgz",
      "integrity": "sha512-pwhGQ1yUBVMgGdxPLaH0mNr7+mTIEyGOtjXgv1jY0KFy891Ev7jMo+DqZ+estmTQY7mVAW/0k43oCCADYbOVKQ==",
      "dependencies": {
        "regenerator-runtime": "^0.13.11"
      }
    },
    "node_modules/music21j": {
      "version": "0.15.8",
      "resolved": "https://registry.npmjs.org/music21j/-/music21j-0.15.8.tgz",
      "integrity": "sha512-QjmsWzFhQNSOrtEDmnyvWx/S900dXQ7wt7Qffghz9MHOQzpgL3G0nB7tyN+bnVhe182wrmeGJkhdAEQt9ujEnw==",
      "hasInstallScript": true,
      "dependencies": {
        "jsonpickle": "^1.1.2",
        "midicube": "^0.6.1",
        "vexflow": "^4.2.3"
      }
    },
    "node_modules/regenerator-runtime": {
      "version": "0.13.11",
      "resolved": "https://registry.npmjs.org/regenerator-runtime/-/regenerator-runtime-0.13.11.tgz",
      "integrity": "sha512-kY1AZVr2Ra+t+piVaJ4gxaFaReZVH40AKNo7UCX6W+dEwBo/2oZJzqfuN1qLq1oL45o56cPaTXELwrTh8Fpggg=="
    },
    "node_modules/vexflow": {
      "version": "4.2.3",
      "resolved": "https://registry.npmjs.org/vexflow/-/vexflow-4.2.3.tgz",
      "integrity": "sha512-YiwYhZYuXPKqPfvvIC0QRYS3xnInDjeAxJeAZsQ+njTEE3q10sZMfo7RRGXj40rg7n74AFWdTiN3FymW8qE1Jw=="
    }
  }
}
